
Microsoft Visual Studio Solution File, Format Version 12.00
# Visual Studio 2017
Project("{FAE04EC0-301F-11D3-BF4B-00C04F79EFBC}") = "VGD Club Project", "VGD Club Project.csproj", "{F36E3C22-9D61-E6EF-E94A-4F8CFB94D4C0}"
EndProject
Global
	GlobalSection(SolutionConfigurationPlatforms) = preSolution
		Debug|Any CPU = Debug|Any CPU
		Release|Any CPU = Release|Any CPU
	EndGlobalSection
	GlobalSection(ProjectConfigurationPlatforms) = postSolution
		{F36E3C22-9D61-E6EF-E94A-4F8CFB94D4C0}.Debug|Any CPU.ActiveCfg = Debug|Any CPU
		{F36E3C22-9D61-E6EF-E94A-4F8CFB94D4C0}.Debug|Any CPU.Build.0 = Debug|Any CPU
		{F36E3C22-9D61-E6EF-E94A-4F8CFB94D4C0}.Release|Any CPU.ActiveCfg = Release|Any CPU
		{F36E3C22-9D61-E6EF-E94A-4F8CFB94D4C0}.Release|Any CPU.Build.0 = Release|Any CPU
	EndGlobalSection
	GlobalSection(SolutionProperties) = preSolution
		HideSolutionNode = FALSE
	EndGlobalSection
EndGlobal
